// !$*UTF8*$!
{
	archiveVersion = 1;
	classes = {
	};
	objectVersion = 46;
	objects = {

/* Begin PBXBuildFile section */
		E0B719D61AD459F5002F8EC7 /* AppDelegate.swift in Sources */ = {isa = PBXBuildFile; fileRef = E0B719D51AD459F5002F8EC7 /* AppDelegate.swift */; };
		E0B719D91AD459F5002F8EC7 /* JJSAssignment_6.xcdatamodeld in Sources */ = {isa = PBXBuildFile; fileRef = E0B719D71AD459F5002F8EC7 /* JJSAssignment_6.xcdatamodeld */; };
		E0B719DB1AD459F5002F8EC7 /* ViewController.swift in Sources */ = {isa = PBXBuildFile; fileRef = E0B719DA1AD459F5002F8EC7 /* ViewController.swift */; };
		E0B719E01AD459F5002F8EC7 /* Images.xcassets in Resources */ = {isa = PBXBuildFile; fileRef = E0B719DF1AD459F5002F8EC7 /* Images.xcassets */; };
		E0B719E31AD459F5002F8EC7 /* LaunchScreen.xib in Resources */ = {isa = PBXBuildFile; fileRef = E0B719E11AD459F5002F8EC7 /* LaunchScreen.xib */; };
		E0B719EF1AD459F5002F8EC7 /* JJSAssignment_6Tests.swift in Sources */ = {isa = PBXBuildFile; fileRef = E0B719EE1AD459F5002F8EC7 /* JJSAssignment_6Tests.swift */; };
		E0B719F91AD45AC5002F8EC7 /* Storyboard.storyboard in Resources */ = {isa = PBXBuildFile; fileRef = E0B719F81AD45AC5002F8EC7 /* Storyboard.storyboard */; };
		E0B719FD1AD45FB3002F8EC7 /* JJSvcMain.swift in Sources */ = {isa = PBXBuildFile; fileRef = E0B719FC1AD45FB3002F8EC7 /* JJSvcMain.swift */; };
/* End PBXBuildFile section */

/* Begin PBXContainerItemProxy section */
		E0B719E91AD459F5002F8EC7 /* PBXContainerItemProxy */ = {
			isa = PBXContainerItemProxy;
			containerPortal = E0B719C81AD459F5002F8EC7 /* Project object */;
			proxyType = 1;
			remoteGlobalIDString = E0B719CF1AD459F5002F8EC7;
			remoteInfo = "JJSAssignment 6";
		};
/* End PBXContainerItemProxy section */

/* Begin PBXFileReference section */
		E0B719D01AD459F5002F8EC7 /* JJSAssignment 6.app */ = {isa = PBXFileReference; explicitFileType = wrapper.application; includeInIndex = 0; path = "JJSAssignment 6.app"; sourceTree = BUILT_PRODUCTS_DIR; };
		E0B719D41AD459F5002F8EC7 /* Info.plist */ = {isa = PBXFileReference; lastKnownFileType = text.plist.xml; path = Info.plist; sourceTree = "<group>"; };
		E0B719D51AD459F5002F8EC7 /* AppDelegate.swift */ = {isa = PBXFileReference; lastKnownFileType = sourcecode.swift; path = AppDelegate.swift; sourceTree = "<group>"; };
		E0B719D81AD459F5002F8EC7 /* JJSAssignment_6.xcdatamodel */ = {isa = PBXFileReference; lastKnownFileType = wrapper.xcdatamodel; path = JJSAssignment_6.xcdatamodel; sourceTree = "<group>"; };
		E0B719DA1AD459F5002F8EC7 /* ViewController.swift */ = {isa = PBXFileReference; lastKnownFileType = sourcecode.swift; path = ViewController.swift; sourceTree = "<group>"; };
		E0B719DF1AD459F5002F8EC7 /* Images.xcassets */ = {isa = PBXFileReference; lastKnownFileType = folder.assetcatalog; path = Images.xcassets; sourceTree = "<group>"; };
		E0B719E21AD459F5002F8EC7 /* Base */ = {isa = PBXFileReference; lastKnownFileType = file.xib; name = Base; path = Base.lproj/LaunchScreen.xib; sourceTree = "<group>"; };
		E0B719E81AD459F5002F8EC7 /* JJSAssignment 6Tests.xctest */ = {isa = PBXFileReference; explicitFileType = wrapper.cfbundle; includeInIndex = 0; path = "JJSAssignment 6Tests.xctest"; sourceTree = BUILT_PRODUCTS_DIR; };
		E0B719ED1AD459F5002F8EC7 /* Info.plist */ = {isa = PBXFileReference; lastKnownFileType = text.plist.xml; path = Info.plist; sourceTree = "<group>"; };
		E0B719EE1AD459F5002F8EC7 /* JJSAssignment_6Tests.swift */ = {isa = PBXFileReference; lastKnownFileType = sourcecode.swift; path = JJSAssignment_6Tests.swift; sourceTree = "<group>"; };
		E0B719F81AD45AC5002F8EC7 /* Storyboard.storyboard */ = {isa = PBXFileReference; fileEncoding = 4; lastKnownFileType = file.storyboard; path = Storyboard.storyboard; sourceTree = "<group>"; };
		E0B719FC1AD45FB3002F8EC7 /* JJSvcMain.swift */ = {isa = PBXFileReference; fileEncoding = 4; lastKnownFileType = sourcecode.swift; path = JJSvcMain.swift; sourceTree = "<group>"; };
/* End PBXFileReference section */

/* Begin PBXFrameworksBuildPhase section */
		E0B719CD1AD459F5002F8EC7 /* Frameworks */ = {
			isa = PBXFrameworksBuildPhase;
			buildActionMask = 2147483647;
			files = (
			);
			runOnlyForDeploymentPostprocessing = 0;
		};
		E0B719E51AD459F5002F8EC7 /* Frameworks */ = {
			isa = PBXFrameworksBuildPhase;
			buildActionMask = 2147483647;
			files = (
			);
			runOnlyForDeploymentPostprocessing = 0;
		};
/* End PBXFrameworksBuildPhase section */

/* Begin PBXGroup section */
		E0B719C71AD459F5002F8EC7 = {
			isa = PBXGroup;
			children = (
				E0B719D21AD459F5002F8EC7 /* JJSAssignment 6 */,
				E0B719EB1AD459F5002F8EC7 /* JJSAssignment 6Tests */,
				E0B719D11AD459F5002F8EC7 /* Products */,
			);
			sourceTree = "<group>";
		};
		E0B719D11AD459F5002F8EC7 /* Products */ = {
			isa = PBXGroup;
			children = (
				E0B719D01AD459F5002F8EC7 /* JJSAssignment 6.app */,
				E0B719E81AD459F5002F8EC7 /* JJSAssignment 6Tests.xctest */,
			);
			name = Products;
			sourceTree = "<group>";
		};
		E0B719D21AD459F5002F8EC7 /* JJSAssignment 6 */ = {
			isa = PBXGroup;
			children = (
				E0B719D51AD459F5002F8EC7 /* AppDelegate.swift */,
				E0B719F81AD45AC5002F8EC7 /* Storyboard.storyboard */,
				E0B719FC1AD45FB3002F8EC7 /* JJSvcMain.swift */,
				E0B719DA1AD459F5002F8EC7 /* ViewController.swift */,
				E0B719DF1AD459F5002F8EC7 /* Images.xcassets */,
				E0B719E11AD459F5002F8EC7 /* LaunchScreen.xib */,
				E0B719D71AD459F5002F8EC7 /* JJSAssignment_6.xcdatamodeld */,
				E0B719D31AD459F5002F8EC7 /* Supporting Files */,
			);
			path = "JJSAssignment 6";
			sourceTree = "<group>";
		};
		E0B719D31AD459F5002F8EC7 /* Supporting Files */ = {
			isa = PBXGroup;
			children = (
				E0B719D41AD459F5002F8EC7 /* Info.plist */,
			);
			name = "Supporting Files";
			sourceTree = "<group>";
		};
		E0B719EB1AD459F5002F8EC7 /* JJSAssignment 6Tests */ = {
			isa = PBXGroup;
			children = (
				E0B719EE1AD459F5002F8EC7 /* JJSAssignment_6Tests.swift */,
				E0B719EC1AD459F5002F8EC7 /* Supporting Files */,
			);
			path = "JJSAssignment 6Tests";
			sourceTree = "<group>";
		};
		E0B719EC1AD459F5002F8EC7 /* Supporting Files */ = {
			isa = PBXGroup;
			children = (
				E0B719ED1AD459F5002F8EC7 /* Info.plist */,
			);
			name = "Supporting Files";
			sourceTree = "<group>";
		};
/* End PBXGroup section */

/* Begin PBXNativeTarget section */
		E0B719CF1AD459F5002F8EC7 /* JJSAssignment 6 */ = {
			isa = PBXNativeTarget;
			buildConfigurationList = E0B719F21AD459F5002F8EC7 /* Build configuration list for PBXNativeTarget "JJSAssignment 6" */;
			buildPhases = (
				E0B719CC1AD459F5002F8EC7 /* Sources */,
				E0B719CD1AD459F5002F8EC7 /* Frameworks */,
				E0B719CE1AD459F5002F8EC7 /* Resources */,
			);
			buildRules = (
			);
			dependencies = (
			);
			name = "JJSAssignment 6";
			productName = "JJSAssignment 6";
			productReference = E0B719D01AD459F5002F8EC7 /* JJSAssignment 6.app */;
			productType = "com.apple.product-type.application";
		};
		E0B719E71AD459F5002F8EC7 /* JJSAssignment 6Tests */ = {
			isa = PBXNativeTarget;
			buildConfigurationList = E0B719F51AD459F5002F8EC7 /* Build configuration list for PBXNativeTarget "JJSAssignment 6Tests" */;
			buildPhases = (
				E0B719E41AD459F5002F8EC7 /* Sources */,
				E0B719E51AD459F5002F8EC7 /* Frameworks */,
				E0B719E61AD459F5002F8EC7 /* Resources */,
			);
			buildRules = (
			);
			dependencies = (
				E0B719EA1AD459F5002F8EC7 /* PBXTargetDependency */,
			);
			name = "JJSAssignment 6Tests";
			productName = "JJSAssignment 6Tests";
			productReference = E0B719E81AD459F5002F8EC7 /* JJSAssignment 6Tests.xctest */;
			productType = "com.apple.product-type.bundle.unit-test";
		};
/* End PBXNativeTarget section */

/* Begin PBXProject section */
		E0B719C81AD459F5002F8EC7 /* Project object */ = {
			isa = PBXProject;
			attributes = {
				LastUpgradeCheck = 0610;
				ORGANIZATIONNAME = "Jason Santo";
				TargetAttributes = {
					E0B719CF1AD459F5002F8EC7 = {
						CreatedOnToolsVersion = 6.1.1;
					};
					E0B719E71AD459F5002F8EC7 = {
						CreatedOnToolsVersion = 6.1.1;
						TestTargetID = E0B719CF1AD459F5002F8EC7;
					};
				};
			};
			buildConfigurationList = E0B719CB1AD459F5002F8EC7 /* Build configuration list for PBXProject "JJSAssignment 6" */;
			compatibilityVersion = "Xcode 3.2";
			developmentRegion = English;
			hasScannedForEncodings = 0;
			knownRegions = (
				en,
				Base,
			);
			mainGroup = E0B719C71AD459F5002F8EC7;
			productRefGroup = E0B719D11AD459F5002F8EC7 /* Products */;
			projectDirPath = "";
			projectRoot = "";
			targets = (
				E0B719CF1AD459F5002F8EC7 /* JJSAssignment 6 */,
				E0B719E71AD459F5002F8EC7 /* JJSAssignment 6Tests */,
			);
		};
/* End PBXProject section */

/* Begin PBXResourcesBuildPhase section */
		E0B719CE1AD459F5002F8EC7 /* Resources */ = {
			isa = PBXResourcesBuildPhase;
			buildActionMask = 2147483647;
			files = (
				E0B719F91AD45AC5002F8EC7 /* Storyboard.storyboard in Resources */,
				E0B719E31AD459F5002F8EC7 /* LaunchScreen.xib in Resources */,
				E0B719E01AD459F5002F8EC7 /* Images.xcassets in Resources */,
			);
			runOnlyForDeploymentPostprocessing = 0;
		};
		E0B719E61AD459F5002F8EC7 /* Resources */ = {
			isa = PBXResourcesBuildPhase;
			buildActionMask = 2147483647;
			files = (
			);
			runOnlyForDeploymentPostprocessing = 0;
		};
/* End PBXResourcesBuildPhase section */

/* Begin PBXSourcesBuildPhase section */
		E0B719CC1AD459F5002F8EC7 /* Sources */ = {
			isa = PBXSourcesBuildPhase;
			buildActionMask = 2147483647;
			files = (
				E0B719DB1AD459F5002F8EC7 /* ViewController.swift in Sources */,
				E0B719D61AD459F5002F8EC7 /* AppDelegate.swift in Sources */,
				E0B719D91AD459F5002F8EC7 /* JJSAssignment_6.xcdatamodeld in Sources */,
				E0B719FD1AD45FB3002F8EC7 /* JJSvcMain.swift in Sources */,
			);
			runOnlyForDeploymentPostprocessing = 0;
		};
		E0B719E41AD459F5002F8EC7 /* Sources */ = {
			isa = PBXSourcesBuildPhase;
			buildActionMask = 2147483647;
			files = (
				E0B719EF1AD459F5002F8EC7 /* JJSAssignment_6Tests.swift in Sources */,
			);
			runOnlyForDeploymentPostprocessing = 0;
		};
/* End PBXSourcesBuildPhase section */

/* Begin PBXTargetDependency section */
		E0B719EA1AD459F5002F8EC7 /* PBXTargetDependency */ = {
			isa = PBXTargetDependency;
			target = E0B719CF1AD459F5002F8EC7 /* JJSAssignment 6 */;
			targetProxy = E0B719E91AD459F5002F8EC7 /* PBXContainerItemProxy */;
		};
/* End PBXTargetDependency section */

/* Begin PBXVariantGroup section */
		E0B719E11AD459F5002F8EC7 /* LaunchScreen.xib */ = {
			isa = PBXVariantGroup;
			children = (
				E0B719E21AD459F5002F8EC7 /* Base */,
			);
			name = LaunchScreen.xib;
			sourceTree = "<group>";
		};
/* End PBXVariantGroup section */

/* Begin XCBuildConfiguration section */
		E0B719F01AD459F5002F8EC7 /* Debug */ = {
			isa = XCBuildConfiguration;
			buildSettings = {
				ALWAYS_SEARCH_USER_PATHS = NO;
				CLANG_CXX_LANGUAGE_STANDARD = "gnu++0x";
				CLANG_CXX_LIBRARY = "libc++";
				CLANG_ENABLE_MODULES = YES;
				CLANG_ENABLE_OBJC_ARC = YES;
				CLANG_WARN_BOOL_CONVERSION = YES;
				CLANG_WARN_CONSTANT_CONVERSION = YES;
				CLANG_WARN_DIRECT_OBJC_ISA_USAGE = YES_ERROR;
				CLANG_WARN_EMPTY_BODY = YES;
				CLANG_WARN_ENUM_CONVERSION = YES;
				CLANG_WARN_INT_CONVERSION = YES;
				CLANG_WARN_OBJC_ROOT_CLASS = YES_ERROR;
				CLANG_WARN_UNREACHABLE_CODE = YES;
				CLANG_WARN__DUPLICATE_METHOD_MATCH = YES;
				"CODE_SIGN_IDENTITY[sdk=iphoneos*]" = "iPhone Developer";
				COPY_PHASE_STRIP = NO;
				ENABLE_STRICT_OBJC_MSGSEND = YES;
				GCC_C_LANGUAGE_STANDARD = gnu99;
				GCC_DYNAMIC_NO_PIC = NO;
				GCC_OPTIMIZATION_LEVEL = 0;
				GCC_PREPROCESSOR_DEFINITIONS = (
					"DEBUG=1",
					"$(inherited)",
				);
				GCC_SYMBOLS_PRIVATE_EXTERN = NO;
				GCC_WARN_64_TO_32_BIT_CONVERSION = YES;
				GCC_WARN_ABOUT_RETURN_TYPE = YES_ERROR;
				GCC_WARN_UNDECLARED_SELECTOR = YES;
				GCC_WARN_UNINITIALIZED_AUTOS = YES_AGGRESSIVE;
				GCC_WARN_UNUSED_FUNCTION = YES;
				GCC_WARN_UNUSED_VARIABLE = YES;
				IPHONEOS_DEPLOYMENT_TARGET = 8.1;
				MTL_ENABLE_DEBUG_INFO = YES;
				ONLY_ACTIVE_ARCH = YES;
				SDKROOT = iphoneos;
				SWIFT_OPTIMIZATION_LEVEL = "-Onone";
			};
			name = Debug;
		};
		E0B719F11AD459F5002F8EC7 /* Release */ = {
			isa = XCBuildConfiguration;
			buildSettings = {
				ALWAYS_SEARCH_USER_PATHS = NO;
				CLANG_CXX_LANGUAGE_STANDARD = "gnu++0x";
				CLANG_CXX_LIBRARY = "libc++";
				CLANG_ENABLE_MODULES = YES;
				CLANG_ENABLE_OBJC_ARC = YES;
				CLANG_WARN_BOOL_CONVERSION = YES;
				CLANG_WARN_CONSTANT_CONVERSION = YES;
				CLANG_WARN_DIRECT_OBJC_ISA_USAGE = YES_ERROR;
				CLANG_WARN_EMPTY_BODY = YES;
				CLANG_WARN_ENUM_CONVERSION = YES;
				CLANG_WARN_INT_CONVERSION = YES;
				CLANG_WARN_OBJC_ROOT_CLASS = YES_ERROR;
				CLANG_WARN_UNREACHABLE_CODE = YES;
				CLANG_WARN__DUPLICATE_METHOD_MATCH = YES;
				"CODE_SIGN_IDENTITY[sdk=iphoneos*]" = "iPhone Developer";
				COPY_PHASE_STRIP = YES;
				ENABLE_NS_ASSERTIONS = NO;
				ENABLE_STRICT_OBJC_MSGSEND = YES;
				GCC_C_LANGUAGE_STANDARD = gnu99;
				GCC_WARN_64_TO_32_BIT_CONVERSION = YES;
				GCC_WARN_ABOUT_RETURN_TYPE = YES_ERROR;
				GCC_WARN_UNDECLARED_SELECTOR = YES;
				GCC_WARN_UNINITIALIZED_AUTOS = YES_AGGRESSIVE;
				GCC_WARN_UNUSED_FUNCTION = YES;
				GCC_WARN_UNUSED_VARIABLE = YES;
				IPHONEOS_DEPLOYMENT_TARGET = 8.1;
				MTL_ENABLE_DEBUG_INFO = NO;
				SDKROOT = iphoneos;
				VALIDATE_PRODUCT = YES;
			};
			name = Release;
		};
		E0B719F31AD459F5002F8EC7 /* Debug */ = {
			isa = XCBuildConfiguration;
			buildSettings = {
				ASSETCATALOG_COMPILER_APPICON_NAME = AppIcon;
				INFOPLIST_FILE = "JJSAssignment 6/Info.plist";
				IPHONEOS_DEPLOYMENT_TARGET = 8.0;
				LD_RUNPATH_SEARCH_PATHS = "$(inherited) @executable_path/Frameworks";
				PRODUCT_NAME = "$(TARGET_NAME)";
				TARGETED_DEVICE_FAMILY = 1;
			};
			name = Debug;
		};
		E0B719F41AD459F5002F8EC7 /* Release */ = {
			isa = XCBuildConfiguration;
			buildSettings = {
				ASSETCATALOG_COMPILER_APPICON_NAME = AppIcon;
				INFOPLIST_FILE = "JJSAssignment 6/Info.plist";
				IPHONEOS_DEPLOYMENT_TARGET = 8.0;
				LD_RUNPATH_SEARCH_PATHS = "$(inherited) @executable_path/Frameworks";
				PRODUCT_NAME = "$(TARGET_NAME)";
				TARGETED_DEVICE_FAMILY = 1;
			};
			name = Release;
		};
		E0B719F61AD459F5002F8EC7 /* Debug */ = {
			isa = XCBuildConfiguration;
			buildSettings = {
				BUNDLE_LOADER = "$(TEST_HOST)";
				FRAMEWORK_SEARCH_PATHS = (
					"$(SDKROOT)/Developer/Library/Frameworks",
					"$(inherited)",
				);
				GCC_PREPROCESSOR_DEFINITIONS = (
					"DEBUG=1",
					"$(inherited)",
				);
				INFOPLIST_FILE = "JJSAssignment 6Tests/Info.plist";
				LD_RUNPATH_SEARCH_PATHS = "$(inherited) @executable_path/Frameworks @loader_path/Frameworks";
				PRODUCT_NAME = "$(TARGET_NAME)";
				TEST_HOST = "$(BUILT_PRODUCTS_DIR)/JJSAssignment 6.app/JJSAssignment 6";
			};
			name = Debug;
		};
		E0B719F71AD459F5002F8EC7 /* Release */ = {
			isa = XCBuildConfiguration;
			buildSettings = {
				BUNDLE_LOADER = "$(TEST_HOST)";
				FRAMEWORK_SEARCH_PATHS = (
					"$(SDKROOT)/Developer/Library/Frameworks",
					"$(inherited)",
				);
				INFOPLIST_FILE = "JJSAssignment 6Tests/Info.plist";
				LD_RUNPATH_SEARCH_PATHS = "$(inherited) @executable_path/Frameworks @loader_path/Frameworks";
				PRODUCT_NAME = "$(TARGET_NAME)";
				TEST_HOST = "$(BUILT_PRODUCTS_DIR)/JJSAssignment 6.app/JJSAssignment 6";
			};
			name = Release;
		};
/* End XCBuildConfiguration section */

/* Begin XCConfigurationList section */
		E0B719CB1AD459F5002F8EC7 /* Build configuration list for PBXProject "JJSAssignment 6" */ = {
			isa = XCConfigurationList;
			buildConfigurations = (
				E0B719F01AD459F5002F8EC7 /* Debug */,
				E0B719F11AD459F5002F8EC7 /* Release */,
			);
			defaultConfigurationIsVisible = 0;
			defaultConfigurationName = Release;
		};
		E0B719F21AD459F5002F8EC7 /* Build configuration list for PBXNativeTarget "JJSAssignment 6" */ = {
			isa = XCConfigurationList;
			buildConfigurations = (
				E0B719F31AD459F5002F8EC7 /* Debug */,
				E0B719F41AD459F5002F8EC7 /* Release */,
			);
			defaultConfigurationIsVisible = 0;
		};
		E0B719F51AD459F5002F8EC7 /* Build configuration list for PBXNativeTarget "JJSAssignment 6Tests" */ = {
			isa = XCConfigurationList;
			buildConfigurations = (
				E0B719F61AD459F5002F8EC7 /* Debug */,
				E0B719F71AD459F5002F8EC7 /* Release */,
			);
			defaultConfigurationIsVisible = 0;
		};
/* End XCConfigurationList section */

/* Begin XCVersionGroup section */
		E0B719D71AD459F5002F8EC7 /* JJSAssignment_6.xcdatamodeld */ = {
			isa = XCVersionGroup;
			children = (
				E0B719D81AD459F5002F8EC7 /* JJSAssignment_6.xcdatamodel */,
			);
			currentVersion = E0B719D81AD459F5002F8EC7 /* JJSAssignment_6.xcdatamodel */;
			path = JJSAssignment_6.xcdatamodeld;
			sourceTree = "<group>";
			versionGroupType = wrapper.xcdatamodel;
		};
/* End XCVersionGroup section */
	};
	rootObject = E0B719C81AD459F5002F8EC7 /* Project object */;
}
